
Microsoft Visual Studio Solution File, Format Version 12.00
# Visual Studio 14
VisualStudioVersion = 14.0.25420.1
MinimumVisualStudioVersion = 10.0.40219.1
Project("{FAE04EC0-301F-11D3-BF4B-00C04F79EFBC}") = "Avalon.Client", "Avalon.Client\Avalon.Client.csproj", "{B9FE3384-6D2C-4779-B5B9-1F21EE54EC4B}"
EndProject
Project("{FAE04EC0-301F-11D3-BF4B-00C04F79EFBC}") = "Avalon.Models", "Avalon.Models\Avalon.Models.csproj", "{C4FC4584-BF82-452D-9B31-6DF5FA5A81D8}"
EndProject
Project("{FAE04EC0-301F-11D3-BF4B-00C04F79EFBC}") = "Avalon.Data", "Avalon.Data\Avalon.Data.csproj", "{45B29065-475B-4847-914E-8E5F526F4513}"
EndProject
Project("{FAE04EC0-301F-11D3-BF4B-00C04F79EFBC}") = "Avalon.Service", "Avalon.Service\Avalon.Service.csproj", "{6B929B08-00F0-4B6E-8B5A-C27F88ABA158}"
EndProject
Global
	GlobalSection(SolutionConfigurationPlatforms) = preSolution
		Debug|Any CPU = Debug|Any CPU
		Release|Any CPU = Release|Any CPU
	EndGlobalSection
	GlobalSection(ProjectConfigurationPlatforms) = postSolution
		{B9FE3384-6D2C-4779-B5B9-1F21EE54EC4B}.Debug|Any CPU.ActiveCfg = Debug|Any CPU
		{B9FE3384-6D2C-4779-B5B9-1F21EE54EC4B}.Debug|Any CPU.Build.0 = Debug|Any CPU
		{B9FE3384-6D2C-4779-B5B9-1F21EE54EC4B}.Release|Any CPU.ActiveCfg = Release|Any CPU
		{B9FE3384-6D2C-4779-B5B9-1F21EE54EC4B}.Release|Any CPU.Build.0 = Release|Any CPU
		{C4FC4584-BF82-452D-9B31-6DF5FA5A81D8}.Debug|Any CPU.ActiveCfg = Debug|Any CPU
		{C4FC4584-BF82-452D-9B31-6DF5FA5A81D8}.Debug|Any CPU.Build.0 = Debug|Any CPU
		{C4FC4584-BF82-452D-9B31-6DF5FA5A81D8}.Release|Any CPU.ActiveCfg = Release|Any CPU
		{C4FC4584-BF82-452D-9B31-6DF5FA5A81D8}.Release|Any CPU.Build.0 = Release|Any CPU
		{45B29065-475B-4847-914E-8E5F526F4513}.Debug|Any CPU.ActiveCfg = Debug|Any CPU
		{45B29065-475B-4847-914E-8E5F526F4513}.Debug|Any CPU.Build.0 = Debug|Any CPU
		{45B29065-475B-4847-914E-8E5F526F4513}.Release|Any CPU.ActiveCfg = Release|Any CPU
		{45B29065-475B-4847-914E-8E5F526F4513}.Release|Any CPU.Build.0 = Release|Any CPU
		{6B929B08-00F0-4B6E-8B5A-C27F88ABA158}.Debug|Any CPU.ActiveCfg = Debug|Any CPU
		{6B929B08-00F0-4B6E-8B5A-C27F88ABA158}.Debug|Any CPU.Build.0 = Debug|Any CPU
		{6B929B08-00F0-4B6E-8B5A-C27F88ABA158}.Release|Any CPU.ActiveCfg = Release|Any CPU
		{6B929B08-00F0-4B6E-8B5A-C27F88ABA158}.Release|Any CPU.Build.0 = Release|Any CPU
	EndGlobalSection
	GlobalSection(SolutionProperties) = preSolution
		HideSolutionNode = FALSE
	EndGlobalSection
EndGlobal
